// !$*UTF8*$!
{
	archiveVersion = 1;
	classes = {
	};
	objectVersion = 46;
	objects = {

/* Begin PBXBuildFile section */
		FD11EE9E1F6DA0E200A597CF /* MainViewController.swift in Sources */ = {isa = PBXBuildFile; fileRef = FD11EE9D1F6DA0E200A597CF /* MainViewController.swift */; };
		FD11EEA21F6DA13C00A597CF /* RangingTableViewController.swift in Sources */ = {isa = PBXBuildFile; fileRef = FD11EEA11F6DA13C00A597CF /* RangingTableViewController.swift */; };
		FD11EEA81F6DA9D900A597CF /* RangingTableViewCell.swift in Sources */ = {isa = PBXBuildFile; fileRef = FD11EEA71F6DA9D900A597CF /* RangingTableViewCell.swift */; };
		FD153DC51F65866200ED463C /* AppDelegate.swift in Sources */ = {isa = PBXBuildFile; fileRef = FD153DC41F65866200ED463C /* AppDelegate.swift */; };
		FD153DCA1F65866200ED463C /* Main.storyboard in Resources */ = {isa = PBXBuildFile; fileRef = FD153DC81F65866200ED463C /* Main.storyboard */; };
		FD153DCC1F65866200ED463C /* Assets.xcassets in Resources */ = {isa = PBXBuildFile; fileRef = FD153DCB1F65866200ED463C /* Assets.xcassets */; };
		FD153DCF1F65866200ED463C /* LaunchScreen.storyboard in Resources */ = {isa = PBXBuildFile; fileRef = FD153DCD1F65866200ED463C /* LaunchScreen.storyboard */; };
		FD153DDA1F65866200ED463C /* FindMyBikeTests.swift in Sources */ = {isa = PBXBuildFile; fileRef = FD153DD91F65866200ED463C /* FindMyBikeTests.swift */; };
		FD153DE51F65962700ED463C /* EditBikeViewController.swift in Sources */ = {isa = PBXBuildFile; fileRef = FD153DE41F65962700ED463C /* EditBikeViewController.swift */; };
		FD153DE71F65964200ED463C /* ShowBikeViewController.swift in Sources */ = {isa = PBXBuildFile; fileRef = FD153DE61F65964200ED463C /* ShowBikeViewController.swift */; };
		FD153DE91F65A97A00ED463C /* Bike.swift in Sources */ = {isa = PBXBuildFile; fileRef = FD153DE81F65A97A00ED463C /* Bike.swift */; };
		FD6E7FF21F6E7E13005E8908 /* BikeRegistry.swift in Sources */ = {isa = PBXBuildFile; fileRef = FD6E7FF11F6E7E13005E8908 /* BikeRegistry.swift */; };
		FDD111391F6E89D500D5B0B3 /* Beacon.swift in Sources */ = {isa = PBXBuildFile; fileRef = FDD111381F6E89D500D5B0B3 /* Beacon.swift */; };
		FDD1113B1F6E8E1400D5B0B3 /* ProximityMonitor.swift in Sources */ = {isa = PBXBuildFile; fileRef = FDD1113A1F6E8E1400D5B0B3 /* ProximityMonitor.swift */; };
		FDE47A371F6D7D05004D0C45 /* BluetoothSupport.swift in Sources */ = {isa = PBXBuildFile; fileRef = FDE47A321F6D7D05004D0C45 /* BluetoothSupport.swift */; };
		FDE47A381F6D7D05004D0C45 /* Ranging.swift in Sources */ = {isa = PBXBuildFile; fileRef = FDE47A331F6D7D05004D0C45 /* Ranging.swift */; };
		FDE47A391F6D7D05004D0C45 /* AlertFactory.swift in Sources */ = {isa = PBXBuildFile; fileRef = FDE47A341F6D7D05004D0C45 /* AlertFactory.swift */; };
		FDE47A3A1F6D7D05004D0C45 /* AppEventViewController.swift in Sources */ = {isa = PBXBuildFile; fileRef = FDE47A351F6D7D05004D0C45 /* AppEventViewController.swift */; };
		FDE9CC691F719FD500A5A080 /* Notifications.swift in Sources */ = {isa = PBXBuildFile; fileRef = FDE9CC681F719FD500A5A080 /* Notifications.swift */; };
/* End PBXBuildFile section */

/* Begin PBXContainerItemProxy section */
		FD153DD61F65866200ED463C /* PBXContainerItemProxy */ = {
			isa = PBXContainerItemProxy;
			containerPortal = FD153DB91F65866100ED463C /* Project object */;
			proxyType = 1;
			remoteGlobalIDString = FD153DC01F65866200ED463C;
			remoteInfo = FindMyBike;
		};
/* End PBXContainerItemProxy section */

/* Begin PBXFileReference section */
		FD11EE9D1F6DA0E200A597CF /* MainViewController.swift */ = {isa = PBXFileReference; fileEncoding = 4; lastKnownFileType = sourcecode.swift; name = MainViewController.swift; path = ../MainViewController.swift; sourceTree = "<group>"; };
		FD11EEA11F6DA13C00A597CF /* RangingTableViewController.swift */ = {isa = PBXFileReference; fileEncoding = 4; lastKnownFileType = sourcecode.swift; name = RangingTableViewController.swift; path = ../RangingTableViewController.swift; sourceTree = "<group>"; };
		FD11EEA71F6DA9D900A597CF /* RangingTableViewCell.swift */ = {isa = PBXFileReference; fileEncoding = 4; lastKnownFileType = sourcecode.swift; name = RangingTableViewCell.swift; path = ../RangingTableViewCell.swift; sourceTree = "<group>"; };
		FD153DC11F65866200ED463C /* FindMyBike.app */ = {isa = PBXFileReference; explicitFileType = wrapper.application; includeInIndex = 0; path = FindMyBike.app; sourceTree = BUILT_PRODUCTS_DIR; };
		FD153DC41F65866200ED463C /* AppDelegate.swift */ = {isa = PBXFileReference; lastKnownFileType = sourcecode.swift; path = AppDelegate.swift; sourceTree = "<group>"; };
		FD153DC91F65866200ED463C /* Base */ = {isa = PBXFileReference; lastKnownFileType = file.storyboard; name = Base; path = Base.lproj/Main.storyboard; sourceTree = "<group>"; };
		FD153DCB1F65866200ED463C /* Assets.xcassets */ = {isa = PBXFileReference; lastKnownFileType = folder.assetcatalog; path = Assets.xcassets; sourceTree = "<group>"; };
		FD153DCE1F65866200ED463C /* Base */ = {isa = PBXFileReference; lastKnownFileType = file.storyboard; name = Base; path = Base.lproj/LaunchScreen.storyboard; sourceTree = "<group>"; };
		FD153DD01F65866200ED463C /* Info.plist */ = {isa = PBXFileReference; lastKnownFileType = text.plist.xml; path = Info.plist; sourceTree = "<group>"; };
		FD153DD51F65866200ED463C /* FindMyBikeTests.xctest */ = {isa = PBXFileReference; explicitFileType = wrapper.cfbundle; includeInIndex = 0; path = FindMyBikeTests.xctest; sourceTree = BUILT_PRODUCTS_DIR; };
		FD153DD91F65866200ED463C /* FindMyBikeTests.swift */ = {isa = PBXFileReference; lastKnownFileType = sourcecode.swift; path = FindMyBikeTests.swift; sourceTree = "<group>"; };
		FD153DDB1F65866200ED463C /* Info.plist */ = {isa = PBXFileReference; lastKnownFileType = text.plist.xml; path = Info.plist; sourceTree = "<group>"; };
		FD153DE41F65962700ED463C /* EditBikeViewController.swift */ = {isa = PBXFileReference; fileEncoding = 4; lastKnownFileType = sourcecode.swift; path = EditBikeViewController.swift; sourceTree = "<group>"; };
		FD153DE61F65964200ED463C /* ShowBikeViewController.swift */ = {isa = PBXFileReference; fileEncoding = 4; lastKnownFileType = sourcecode.swift; path = ShowBikeViewController.swift; sourceTree = "<group>"; };
		FD153DE81F65A97A00ED463C /* Bike.swift */ = {isa = PBXFileReference; fileEncoding = 4; lastKnownFileType = sourcecode.swift; name = Bike.swift; path = ../../AboutMyBike/AboutMyBike/Bike.swift; sourceTree = "<group>"; };
		FD6E7FF11F6E7E13005E8908 /* BikeRegistry.swift */ = {isa = PBXFileReference; fileEncoding = 4; lastKnownFileType = sourcecode.swift; path = BikeRegistry.swift; sourceTree = "<group>"; };
		FDD111381F6E89D500D5B0B3 /* Beacon.swift */ = {isa = PBXFileReference; fileEncoding = 4; lastKnownFileType = sourcecode.swift; path = Beacon.swift; sourceTree = "<group>"; };
		FDD1113A1F6E8E1400D5B0B3 /* ProximityMonitor.swift */ = {isa = PBXFileReference; fileEncoding = 4; lastKnownFileType = sourcecode.swift; path = ProximityMonitor.swift; sourceTree = "<group>"; };
		FDE47A321F6D7D05004D0C45 /* BluetoothSupport.swift */ = {isa = PBXFileReference; fileEncoding = 4; lastKnownFileType = sourcecode.swift; name = BluetoothSupport.swift; path = ../../BeaconRanger/BeaconRanger/BluetoothSupport.swift; sourceTree = "<group>"; };
		FDE47A331F6D7D05004D0C45 /* Ranging.swift */ = {isa = PBXFileReference; fileEncoding = 4; lastKnownFileType = sourcecode.swift; name = Ranging.swift; path = ../../BeaconRanger/BeaconRanger/Ranging.swift; sourceTree = "<group>"; };
		FDE47A341F6D7D05004D0C45 /* AlertFactory.swift */ = {isa = PBXFileReference; fileEncoding = 4; lastKnownFileType = sourcecode.swift; name = AlertFactory.swift; path = ../../BeaconRanger/BeaconRanger/AlertFactory.swift; sourceTree = "<group>"; };
		FDE47A351F6D7D05004D0C45 /* AppEventViewController.swift */ = {isa = PBXFileReference; fileEncoding = 4; lastKnownFileType = sourcecode.swift; name = AppEventViewController.swift; path = ../../BeaconRanger/BeaconRanger/AppEventViewController.swift; sourceTree = "<group>"; };
		FDE9CC681F719FD500A5A080 /* Notifications.swift */ = {isa = PBXFileReference; fileEncoding = 4; lastKnownFileType = sourcecode.swift; path = Notifications.swift; sourceTree = "<group>"; };
/* End PBXFileReference section */

/* Begin PBXFrameworksBuildPhase section */
		FD153DBE1F65866200ED463C /* Frameworks */ = {
			isa = PBXFrameworksBuildPhase;
			buildActionMask = 2147483647;
			files = (
			);
			runOnlyForDeploymentPostprocessing = 0;
		};
		FD153DD21F65866200ED463C /* Frameworks */ = {
			isa = PBXFrameworksBuildPhase;
			buildActionMask = 2147483647;
			files = (
			);
			runOnlyForDeploymentPostprocessing = 0;
		};
/* End PBXFrameworksBuildPhase section */

/* Begin PBXGroup section */
		FD153DB81F65866100ED463C = {
			isa = PBXGroup;
			children = (
				FD153DC31F65866200ED463C /* FindMyBike */,
				FD153DD81F65866200ED463C /* FindMyBikeTests */,
				FD153DC21F65866200ED463C /* Products */,
			);
			sourceTree = "<group>";
		};
		FD153DC21F65866200ED463C /* Products */ = {
			isa = PBXGroup;
			children = (
				FD153DC11F65866200ED463C /* FindMyBike.app */,
				FD153DD51F65866200ED463C /* FindMyBikeTests.xctest */,
			);
			name = Products;
			sourceTree = "<group>";
		};
		FD153DC31F65866200ED463C /* FindMyBike */ = {
			isa = PBXGroup;
			children = (
				FD11EEA11F6DA13C00A597CF /* RangingTableViewController.swift */,
				FD11EEA71F6DA9D900A597CF /* RangingTableViewCell.swift */,
				FD11EE9D1F6DA0E200A597CF /* MainViewController.swift */,
				FDE9CC681F719FD500A5A080 /* Notifications.swift */,
				FDD1113A1F6E8E1400D5B0B3 /* ProximityMonitor.swift */,
				FD6E7FF11F6E7E13005E8908 /* BikeRegistry.swift */,
				FD153DC41F65866200ED463C /* AppDelegate.swift */,
				FD153DC81F65866200ED463C /* Main.storyboard */,
				FDE47A321F6D7D05004D0C45 /* BluetoothSupport.swift */,
				FDE47A331F6D7D05004D0C45 /* Ranging.swift */,
				FDE47A341F6D7D05004D0C45 /* AlertFactory.swift */,
				FDE47A351F6D7D05004D0C45 /* AppEventViewController.swift */,
				FD153DCB1F65866200ED463C /* Assets.xcassets */,
				FD153DCD1F65866200ED463C /* LaunchScreen.storyboard */,
				FD153DD01F65866200ED463C /* Info.plist */,
				FD153DE41F65962700ED463C /* EditBikeViewController.swift */,
				FD153DE61F65964200ED463C /* ShowBikeViewController.swift */,
				FD153DE81F65A97A00ED463C /* Bike.swift */,
				FDD111381F6E89D500D5B0B3 /* Beacon.swift */,
			);
			path = FindMyBike;
			sourceTree = "<group>";
		};
		FD153DD81F65866200ED463C /* FindMyBikeTests */ = {
			isa = PBXGroup;
			children = (
				FD153DD91F65866200ED463C /* FindMyBikeTests.swift */,
				FD153DDB1F65866200ED463C /* Info.plist */,
			);
			path = FindMyBikeTests;
			sourceTree = "<group>";
		};
/* End PBXGroup section */

/* Begin PBXNativeTarget section */
		FD153DC01F65866200ED463C /* FindMyBike */ = {
			isa = PBXNativeTarget;
			buildConfigurationList = FD153DDE1F65866200ED463C /* Build configuration list for PBXNativeTarget "FindMyBike" */;
			buildPhases = (
				FD153DBD1F65866200ED463C /* Sources */,
				FD153DBE1F65866200ED463C /* Frameworks */,
				FD153DBF1F65866200ED463C /* Resources */,
			);
			buildRules = (
			);
			dependencies = (
			);
			name = FindMyBike;
			productName = FindMyBike;
			productReference = FD153DC11F65866200ED463C /* FindMyBike.app */;
			productType = "com.apple.product-type.application";
		};
		FD153DD41F65866200ED463C /* FindMyBikeTests */ = {
			isa = PBXNativeTarget;
			buildConfigurationList = FD153DE11F65866200ED463C /* Build configuration list for PBXNativeTarget "FindMyBikeTests" */;
			buildPhases = (
				FD153DD11F65866200ED463C /* Sources */,
				FD153DD21F65866200ED463C /* Frameworks */,
				FD153DD31F65866200ED463C /* Resources */,
			);
			buildRules = (
			);
			dependencies = (
				FD153DD71F65866200ED463C /* PBXTargetDependency */,
			);
			name = FindMyBikeTests;
			productName = FindMyBikeTests;
			productReference = FD153DD51F65866200ED463C /* FindMyBikeTests.xctest */;
			productType = "com.apple.product-type.bundle.unit-test";
		};
/* End PBXNativeTarget section */

/* Begin PBXProject section */
		FD153DB91F65866100ED463C /* Project object */ = {
			isa = PBXProject;
			attributes = {
				LastSwiftUpdateCheck = 0830;
				LastUpgradeCheck = 0830;
				ORGANIZATIONNAME = "James Donohue";
				TargetAttributes = {
					FD153DC01F65866200ED463C = {
						CreatedOnToolsVersion = 8.3.3;
						DevelopmentTeam = S7NXV49A78;
						ProvisioningStyle = Automatic;
						SystemCapabilities = {
							com.apple.BackgroundModes = {
								enabled = 1;
							};
						};
					};
					FD153DD41F65866200ED463C = {
						CreatedOnToolsVersion = 8.3.3;
						DevelopmentTeam = S7NXV49A78;
						ProvisioningStyle = Automatic;
						TestTargetID = FD153DC01F65866200ED463C;
					};
				};
			};
			buildConfigurationList = FD153DBC1F65866100ED463C /* Build configuration list for PBXProject "FindMyBike" */;
			compatibilityVersion = "Xcode 3.2";
			developmentRegion = English;
			hasScannedForEncodings = 0;
			knownRegions = (
				en,
				Base,
			);
			mainGroup = FD153DB81F65866100ED463C;
			productRefGroup = FD153DC21F65866200ED463C /* Products */;
			projectDirPath = "";
			projectRoot = "";
			targets = (
				FD153DC01F65866200ED463C /* FindMyBike */,
				FD153DD41F65866200ED463C /* FindMyBikeTests */,
			);
		};
/* End PBXProject section */

/* Begin PBXResourcesBuildPhase section */
		FD153DBF1F65866200ED463C /* Resources */ = {
			isa = PBXResourcesBuildPhase;
			buildActionMask = 2147483647;
			files = (
				FD153DCF1F65866200ED463C /* LaunchScreen.storyboard in Resources */,
				FD153DCC1F65866200ED463C /* Assets.xcassets in Resources */,
				FD153DCA1F65866200ED463C /* Main.storyboard in Resources */,
			);
			runOnlyForDeploymentPostprocessing = 0;
		};
		FD153DD31F65866200ED463C /* Resources */ = {
			isa = PBXResourcesBuildPhase;
			buildActionMask = 2147483647;
			files = (
			);
			runOnlyForDeploymentPostprocessing = 0;
		};
/* End PBXResourcesBuildPhase section */

/* Begin PBXSourcesBuildPhase section */
		FD153DBD1F65866200ED463C /* Sources */ = {
			isa = PBXSourcesBuildPhase;
			buildActionMask = 2147483647;
			files = (
				FD6E7FF21F6E7E13005E8908 /* BikeRegistry.swift in Sources */,
				FDE47A381F6D7D05004D0C45 /* Ranging.swift in Sources */,
				FDE47A3A1F6D7D05004D0C45 /* AppEventViewController.swift in Sources */,
				FD153DE51F65962700ED463C /* EditBikeViewController.swift in Sources */,
				FD153DE91F65A97A00ED463C /* Bike.swift in Sources */,
				FD153DE71F65964200ED463C /* ShowBikeViewController.swift in Sources */,
				FDD1113B1F6E8E1400D5B0B3 /* ProximityMonitor.swift in Sources */,
				FDE47A391F6D7D05004D0C45 /* AlertFactory.swift in Sources */,
				FD11EE9E1F6DA0E200A597CF /* MainViewController.swift in Sources */,
				FDE47A371F6D7D05004D0C45 /* BluetoothSupport.swift in Sources */,
				FD11EEA21F6DA13C00A597CF /* RangingTableViewController.swift in Sources */,
				FDE9CC691F719FD500A5A080 /* Notifications.swift in Sources */,
				FDD111391F6E89D500D5B0B3 /* Beacon.swift in Sources */,
				FD11EEA81F6DA9D900A597CF /* RangingTableViewCell.swift in Sources */,
				FD153DC51F65866200ED463C /* AppDelegate.swift in Sources */,
			);
			runOnlyForDeploymentPostprocessing = 0;
		};
		FD153DD11F65866200ED463C /* Sources */ = {
			isa = PBXSourcesBuildPhase;
			buildActionMask = 2147483647;
			files = (
				FD153DDA1F65866200ED463C /* FindMyBikeTests.swift in Sources */,
			);
			runOnlyForDeploymentPostprocessing = 0;
		};
/* End PBXSourcesBuildPhase section */

/* Begin PBXTargetDependency section */
		FD153DD71F65866200ED463C /* PBXTargetDependency */ = {
			isa = PBXTargetDependency;
			target = FD153DC01F65866200ED463C /* FindMyBike */;
			targetProxy = FD153DD61F65866200ED463C /* PBXContainerItemProxy */;
		};
/* End PBXTargetDependency section */

/* Begin PBXVariantGroup section */
		FD153DC81F65866200ED463C /* Main.storyboard */ = {
			isa = PBXVariantGroup;
			children = (
				FD153DC91F65866200ED463C /* Base */,
			);
			name = Main.storyboard;
			sourceTree = "<group>";
		};
		FD153DCD1F65866200ED463C /* LaunchScreen.storyboard */ = {
			isa = PBXVariantGroup;
			children = (
				FD153DCE1F65866200ED463C /* Base */,
			);
			name = LaunchScreen.storyboard;
			sourceTree = "<group>";
		};
/* End PBXVariantGroup section */

/* Begin XCBuildConfiguration section */
		FD153DDC1F65866200ED463C /* Debug */ = {
			isa = XCBuildConfiguration;
			buildSettings = {
				ALWAYS_SEARCH_USER_PATHS = NO;
				CLANG_ANALYZER_NONNULL = YES;
				CLANG_ANALYZER_NUMBER_OBJECT_CONVERSION = YES_AGGRESSIVE;
				CLANG_CXX_LANGUAGE_STANDARD = "gnu++0x";
				CLANG_CXX_LIBRARY = "libc++";
				CLANG_ENABLE_MODULES = YES;
				CLANG_ENABLE_OBJC_ARC = YES;
				CLANG_WARN_BOOL_CONVERSION = YES;
				CLANG_WARN_CONSTANT_CONVERSION = YES;
				CLANG_WARN_DIRECT_OBJC_ISA_USAGE = YES_ERROR;
				CLANG_WARN_DOCUMENTATION_COMMENTS = YES;
				CLANG_WARN_EMPTY_BODY = YES;
				CLANG_WARN_ENUM_CONVERSION = YES;
				CLANG_WARN_INFINITE_RECURSION = YES;
				CLANG_WARN_INT_CONVERSION = YES;
				CLANG_WARN_OBJC_ROOT_CLASS = YES_ERROR;
				CLANG_WARN_SUSPICIOUS_MOVE = YES;
				CLANG_WARN_UNREACHABLE_CODE = YES;
				CLANG_WARN__DUPLICATE_METHOD_MATCH = YES;
				"CODE_SIGN_IDENTITY[sdk=iphoneos*]" = "iPhone Developer";
				COPY_PHASE_STRIP = NO;
				DEBUG_INFORMATION_FORMAT = dwarf;
				ENABLE_STRICT_OBJC_MSGSEND = YES;
				ENABLE_TESTABILITY = YES;
				GCC_C_LANGUAGE_STANDARD = gnu99;
				GCC_DYNAMIC_NO_PIC = NO;
				GCC_NO_COMMON_BLOCKS = YES;
				GCC_OPTIMIZATION_LEVEL = 0;
				GCC_PREPROCESSOR_DEFINITIONS = (
					"DEBUG=1",
					"$(inherited)",
				);
				GCC_WARN_64_TO_32_BIT_CONVERSION = YES;
				GCC_WARN_ABOUT_RETURN_TYPE = YES_ERROR;
				GCC_WARN_UNDECLARED_SELECTOR = YES;
				GCC_WARN_UNINITIALIZED_AUTOS = YES_AGGRESSIVE;
				GCC_WARN_UNUSED_FUNCTION = YES;
				GCC_WARN_UNUSED_VARIABLE = YES;
				IPHONEOS_DEPLOYMENT_TARGET = 10.3;
				MTL_ENABLE_DEBUG_INFO = YES;
				ONLY_ACTIVE_ARCH = YES;
				SDKROOT = iphoneos;
				SWIFT_ACTIVE_COMPILATION_CONDITIONS = DEBUG;
				SWIFT_OPTIMIZATION_LEVEL = "-Onone";
				TARGETED_DEVICE_FAMILY = "1,2";
			};
			name = Debug;
		};
		FD153DDD1F65866200ED463C /* Release */ = {
			isa = XCBuildConfiguration;
			buildSettings = {
				ALWAYS_SEARCH_USER_PATHS = NO;
				CLANG_ANALYZER_NONNULL = YES;
				CLANG_ANALYZER_NUMBER_OBJECT_CONVERSION = YES_AGGRESSIVE;
				CLANG_CXX_LANGUAGE_STANDARD = "gnu++0x";
				CLANG_CXX_LIBRARY = "libc++";
				CLANG_ENABLE_MODULES = YES;
				CLANG_ENABLE_OBJC_ARC = YES;
				CLANG_WARN_BOOL_CONVERSION = YES;
				CLANG_WARN_CONSTANT_CONVERSION = YES;
				CLANG_WARN_DIRECT_OBJC_ISA_USAGE = YES_ERROR;
				CLANG_WARN_DOCUMENTATION_COMMENTS = YES;
				CLANG_WARN_EMPTY_BODY = YES;
				CLANG_WARN_ENUM_CONVERSION = YES;
				CLANG_WARN_INFINITE_RECURSION = YES;
				CLANG_WARN_INT_CONVERSION = YES;
				CLANG_WARN_OBJC_ROOT_CLASS = YES_ERROR;
				CLANG_WARN_SUSPICIOUS_MOVE = YES;
				CLANG_WARN_UNREACHABLE_CODE = YES;
				CLANG_WARN__DUPLICATE_METHOD_MATCH = YES;
				"CODE_SIGN_IDENTITY[sdk=iphoneos*]" = "iPhone Developer";
				COPY_PHASE_STRIP = NO;
				DEBUG_INFORMATION_FORMAT = "dwarf-with-dsym";
				ENABLE_NS_ASSERTIONS = NO;
				ENABLE_STRICT_OBJC_MSGSEND = YES;
				GCC_C_LANGUAGE_STANDARD = gnu99;
				GCC_NO_COMMON_BLOCKS = YES;
				GCC_WARN_64_TO_32_BIT_CONVERSION = YES;
				GCC_WARN_ABOUT_RETURN_TYPE = YES_ERROR;
				GCC_WARN_UNDECLARED_SELECTOR = YES;
				GCC_WARN_UNINITIALIZED_AUTOS = YES_AGGRESSIVE;
				GCC_WARN_UNUSED_FUNCTION = YES;
				GCC_WARN_UNUSED_VARIABLE = YES;
				IPHONEOS_DEPLOYMENT_TARGET = 10.3;
				MTL_ENABLE_DEBUG_INFO = NO;
				SDKROOT = iphoneos;
				SWIFT_OPTIMIZATION_LEVEL = "-Owholemodule";
				TARGETED_DEVICE_FAMILY = "1,2";
				VALIDATE_PRODUCT = YES;
			};
			name = Release;
		};
		FD153DDF1F65866200ED463C /* Debug */ = {
			isa = XCBuildConfiguration;
			buildSettings = {
				ASSETCATALOG_COMPILER_APPICON_NAME = AppIcon;
				DEVELOPMENT_TEAM = S7NXV49A78;
				INFOPLIST_FILE = FindMyBike/Info.plist;
				IPHONEOS_DEPLOYMENT_TARGET = 10.3;
				LD_RUNPATH_SEARCH_PATHS = "$(inherited) @executable_path/Frameworks";
				PRODUCT_BUNDLE_IDENTIFIER = io.github.jamesdonoh.FindMyBike;
				PRODUCT_NAME = "$(TARGET_NAME)";
				SWIFT_VERSION = 3.0;
				TARGETED_DEVICE_FAMILY = 1;
			};
			name = Debug;
		};
		FD153DE01F65866200ED463C /* Release */ = {
			isa = XCBuildConfiguration;
			buildSettings = {
				ASSETCATALOG_COMPILER_APPICON_NAME = AppIcon;
				DEVELOPMENT_TEAM = S7NXV49A78;
				INFOPLIST_FILE = FindMyBike/Info.plist;
				IPHONEOS_DEPLOYMENT_TARGET = 10.3;
				LD_RUNPATH_SEARCH_PATHS = "$(inherited) @executable_path/Frameworks";
				PRODUCT_BUNDLE_IDENTIFIER = io.github.jamesdonoh.FindMyBike;
				PRODUCT_NAME = "$(TARGET_NAME)";
				SWIFT_VERSION = 3.0;
				TARGETED_DEVICE_FAMILY = 1;
			};
			name = Release;
		};
		FD153DE21F65866200ED463C /* Debug */ = {
			isa = XCBuildConfiguration;
			buildSettings = {
				ALWAYS_EMBED_SWIFT_STANDARD_LIBRARIES = YES;
				BUNDLE_LOADER = "$(TEST_HOST)";
				DEVELOPMENT_TEAM = S7NXV49A78;
				INFOPLIST_FILE = FindMyBikeTests/Info.plist;
				LD_RUNPATH_SEARCH_PATHS = "$(inherited) @executable_path/Frameworks @loader_path/Frameworks";
				PRODUCT_BUNDLE_IDENTIFIER = io.github.jamesdonoh.FindMyBikeTests;
				PRODUCT_NAME = "$(TARGET_NAME)";
				SWIFT_VERSION = 3.0;
				TEST_HOST = "$(BUILT_PRODUCTS_DIR)/FindMyBike.app/FindMyBike";
			};
			name = Debug;
		};
		FD153DE31F65866200ED463C /* Release */ = {
			isa = XCBuildConfiguration;
			buildSettings = {
				ALWAYS_EMBED_SWIFT_STANDARD_LIBRARIES = YES;
				BUNDLE_LOADER = "$(TEST_HOST)";
				DEVELOPMENT_TEAM = S7NXV49A78;
				INFOPLIST_FILE = FindMyBikeTests/Info.plist;
				LD_RUNPATH_SEARCH_PATHS = "$(inherited) @executable_path/Frameworks @loader_path/Frameworks";
				PRODUCT_BUNDLE_IDENTIFIER = io.github.jamesdonoh.FindMyBikeTests;
				PRODUCT_NAME = "$(TARGET_NAME)";
				SWIFT_VERSION = 3.0;
				TEST_HOST = "$(BUILT_PRODUCTS_DIR)/FindMyBike.app/FindMyBike";
			};
			name = Release;
		};
/* End XCBuildConfiguration section */

/* Begin XCConfigurationList section */
		FD153DBC1F65866100ED463C /* Build configuration list for PBXProject "FindMyBike" */ = {
			isa = XCConfigurationList;
			buildConfigurations = (
				FD153DDC1F65866200ED463C /* Debug */,
				FD153DDD1F65866200ED463C /* Release */,
			);
			defaultConfigurationIsVisible = 0;
			defaultConfigurationName = Release;
		};
		FD153DDE1F65866200ED463C /* Build configuration list for PBXNativeTarget "FindMyBike" */ = {
			isa = XCConfigurationList;
			buildConfigurations = (
				FD153DDF1F65866200ED463C /* Debug */,
				FD153DE01F65866200ED463C /* Release */,
			);
			defaultConfigurationIsVisible = 0;
			defaultConfigurationName = Release;
		};
		FD153DE11F65866200ED463C /* Build configuration list for PBXNativeTarget "FindMyBikeTests" */ = {
			isa = XCConfigurationList;
			buildConfigurations = (
				FD153DE21F65866200ED463C /* Debug */,
				FD153DE31F65866200ED463C /* Release */,
			);
			defaultConfigurationIsVisible = 0;
			defaultConfigurationName = Release;
		};
/* End XCConfigurationList section */
	};
	rootObject = FD153DB91F65866100ED463C /* Project object */;
}
